// !$*UTF8*$!
{
	archiveVersion = 1;
	classes = {
	};
	objectVersion = 56;
	objects = {

/* Begin PBXBuildFile section */
		4B06D2A42ACC6402009D1E66 /* MicroPlayer.swift in Sources */ = {isa = PBXBuildFile; fileRef = 4B06D2A32ACC6402009D1E66 /* MicroPlayer.swift */; };
		4B06D2A62ACC65FD009D1E66 /* DiscView.swift in Sources */ = {isa = PBXBuildFile; fileRef = 4B06D2A52ACC65FD009D1E66 /* DiscView.swift */; };
		4B06D2A82ACC70E0009D1E66 /* Notch.swift in Sources */ = {isa = PBXBuildFile; fileRef = 4B06D2A72ACC70E0009D1E66 /* Notch.swift */; };
		4B06D2AB2ACC7378009D1E66 /* PlayerView.swift in Sources */ = {isa = PBXBuildFile; fileRef = 4B06D2AA2ACC7378009D1E66 /* PlayerView.swift */; };
		4B06D2AF2ACCAF65009D1E66 /* BookDetailView.swift in Sources */ = {isa = PBXBuildFile; fileRef = 4B06D2AE2ACCAF65009D1E66 /* BookDetailView.swift */; };
		4B06D2B22ACCD5C9009D1E66 /* ScrollDetector.swift in Sources */ = {isa = PBXBuildFile; fileRef = 4B06D2B12ACCD5C9009D1E66 /* ScrollDetector.swift */; };
		4B06D2B42ACCDE75009D1E66 /* CustomSlider.swift in Sources */ = {isa = PBXBuildFile; fileRef = 4B06D2B32ACCDE75009D1E66 /* CustomSlider.swift */; };
		4B06D2B62ACCE2DA009D1E66 /* ColorSelection.swift in Sources */ = {isa = PBXBuildFile; fileRef = 4B06D2B52ACCE2DA009D1E66 /* ColorSelection.swift */; };
		4B50D68E2ACB8BB0002D8AFC /* BooksUIApp.swift in Sources */ = {isa = PBXBuildFile; fileRef = 4B50D68D2ACB8BB0002D8AFC /* BooksUIApp.swift */; };
		4B50D6902ACB8BB0002D8AFC /* ContentView.swift in Sources */ = {isa = PBXBuildFile; fileRef = 4B50D68F2ACB8BB0002D8AFC /* ContentView.swift */; };
		4B50D6922ACB8BB2002D8AFC /* Assets.xcassets in Resources */ = {isa = PBXBuildFile; fileRef = 4B50D6912ACB8BB2002D8AFC /* Assets.xcassets */; };
		4B50D6952ACB8BB2002D8AFC /* Preview Assets.xcassets in Resources */ = {isa = PBXBuildFile; fileRef = 4B50D6942ACB8BB2002D8AFC /* Preview Assets.xcassets */; };
		4B50D6B02ACB9DDB002D8AFC /* Color.swift in Sources */ = {isa = PBXBuildFile; fileRef = 4B50D6AF2ACB9DDB002D8AFC /* Color.swift */; };
		4B50D6B32ACB9F30002D8AFC /* CustomIconButton.swift in Sources */ = {isa = PBXBuildFile; fileRef = 4B50D6B22ACB9F30002D8AFC /* CustomIconButton.swift */; };
		4B50D6B52ACBA4DF002D8AFC /* Book.swift in Sources */ = {isa = PBXBuildFile; fileRef = 4B50D6B42ACBA4DF002D8AFC /* Book.swift */; };
		4B50D6B72ACBAE93002D8AFC /* Audio.swift in Sources */ = {isa = PBXBuildFile; fileRef = 4B50D6B62ACBAE93002D8AFC /* Audio.swift */; };
		4B8ADA3F2ACDCD860049B799 /* OptionsSheet.swift in Sources */ = {isa = PBXBuildFile; fileRef = 4B8ADA3E2ACDCD860049B799 /* OptionsSheet.swift */; };
		4B8ADA412ACDCEE60049B799 /* FontSelection.swift in Sources */ = {isa = PBXBuildFile; fileRef = 4B8ADA402ACDCEE60049B799 /* FontSelection.swift */; };
		4B8ADA432ACDD4C20049B799 /* AlignmentSelection.swift in Sources */ = {isa = PBXBuildFile; fileRef = 4B8ADA422ACDD4C20049B799 /* AlignmentSelection.swift */; };
/* End PBXBuildFile section */

/* Begin PBXFileReference section */
		4B06D2A32ACC6402009D1E66 /* MicroPlayer.swift */ = {isa = PBXFileReference; lastKnownFileType = sourcecode.swift; path = MicroPlayer.swift; sourceTree = "<group>"; };
		4B06D2A52ACC65FD009D1E66 /* DiscView.swift */ = {isa = PBXFileReference; lastKnownFileType = sourcecode.swift; path = DiscView.swift; sourceTree = "<group>"; };
		4B06D2A72ACC70E0009D1E66 /* Notch.swift */ = {isa = PBXFileReference; lastKnownFileType = sourcecode.swift; path = Notch.swift; sourceTree = "<group>"; };
		4B06D2AA2ACC7378009D1E66 /* PlayerView.swift */ = {isa = PBXFileReference; lastKnownFileType = sourcecode.swift; path = PlayerView.swift; sourceTree = "<group>"; };
		4B06D2AE2ACCAF65009D1E66 /* BookDetailView.swift */ = {isa = PBXFileReference; lastKnownFileType = sourcecode.swift; path = BookDetailView.swift; sourceTree = "<group>"; };
		4B06D2B12ACCD5C9009D1E66 /* ScrollDetector.swift */ = {isa = PBXFileReference; lastKnownFileType = sourcecode.swift; path = ScrollDetector.swift; sourceTree = "<group>"; };
		4B06D2B32ACCDE75009D1E66 /* CustomSlider.swift */ = {isa = PBXFileReference; lastKnownFileType = sourcecode.swift; path = CustomSlider.swift; sourceTree = "<group>"; };
		4B06D2B52ACCE2DA009D1E66 /* ColorSelection.swift */ = {isa = PBXFileReference; lastKnownFileType = sourcecode.swift; path = ColorSelection.swift; sourceTree = "<group>"; };
		4B50D68A2ACB8BB0002D8AFC /* BooksUI.app */ = {isa = PBXFileReference; explicitFileType = wrapper.application; includeInIndex = 0; path = BooksUI.app; sourceTree = BUILT_PRODUCTS_DIR; };
		4B50D68D2ACB8BB0002D8AFC /* BooksUIApp.swift */ = {isa = PBXFileReference; lastKnownFileType = sourcecode.swift; path = BooksUIApp.swift; sourceTree = "<group>"; };
		4B50D68F2ACB8BB0002D8AFC /* ContentView.swift */ = {isa = PBXFileReference; lastKnownFileType = sourcecode.swift; path = ContentView.swift; sourceTree = "<group>"; };
		4B50D6912ACB8BB2002D8AFC /* Assets.xcassets */ = {isa = PBXFileReference; lastKnownFileType = folder.assetcatalog; path = Assets.xcassets; sourceTree = "<group>"; };
		4B50D6942ACB8BB2002D8AFC /* Preview Assets.xcassets */ = {isa = PBXFileReference; lastKnownFileType = folder.assetcatalog; path = "Preview Assets.xcassets"; sourceTree = "<group>"; };
		4B50D6AF2ACB9DDB002D8AFC /* Color.swift */ = {isa = PBXFileReference; lastKnownFileType = sourcecode.swift; path = Color.swift; sourceTree = "<group>"; };
		4B50D6B22ACB9F30002D8AFC /* CustomIconButton.swift */ = {isa = PBXFileReference; lastKnownFileType = sourcecode.swift; path = CustomIconButton.swift; sourceTree = "<group>"; };
		4B50D6B42ACBA4DF002D8AFC /* Book.swift */ = {isa = PBXFileReference; lastKnownFileType = sourcecode.swift; path = Book.swift; sourceTree = "<group>"; };
		4B50D6B62ACBAE93002D8AFC /* Audio.swift */ = {isa = PBXFileReference; lastKnownFileType = sourcecode.swift; path = Audio.swift; sourceTree = "<group>"; };
		4B8ADA3E2ACDCD860049B799 /* OptionsSheet.swift */ = {isa = PBXFileReference; lastKnownFileType = sourcecode.swift; path = OptionsSheet.swift; sourceTree = "<group>"; };
		4B8ADA402ACDCEE60049B799 /* FontSelection.swift */ = {isa = PBXFileReference; lastKnownFileType = sourcecode.swift; path = FontSelection.swift; sourceTree = "<group>"; };
		4B8ADA422ACDD4C20049B799 /* AlignmentSelection.swift */ = {isa = PBXFileReference; lastKnownFileType = sourcecode.swift; path = AlignmentSelection.swift; sourceTree = "<group>"; };
/* End PBXFileReference section */

/* Begin PBXFrameworksBuildPhase section */
		4B50D6872ACB8BB0002D8AFC /* Frameworks */ = {
			isa = PBXFrameworksBuildPhase;
			buildActionMask = 2147483647;
			files = (
			);
			runOnlyForDeploymentPostprocessing = 0;
		};
/* End PBXFrameworksBuildPhase section */

/* Begin PBXGroup section */
		4B06D2B02ACCD5B5009D1E66 /* Utils */ = {
			isa = PBXGroup;
			children = (
				4B06D2B12ACCD5C9009D1E66 /* ScrollDetector.swift */,
			);
			path = Utils;
			sourceTree = "<group>";
		};
		4B50D6812ACB8BB0002D8AFC = {
			isa = PBXGroup;
			children = (
				4B50D68C2ACB8BB0002D8AFC /* BooksUI */,
				4B50D68B2ACB8BB0002D8AFC /* Products */,
			);
			sourceTree = "<group>";
		};
		4B50D68B2ACB8BB0002D8AFC /* Products */ = {
			isa = PBXGroup;
			children = (
				4B50D68A2ACB8BB0002D8AFC /* BooksUI.app */,
			);
			name = Products;
			sourceTree = "<group>";
		};
		4B50D68C2ACB8BB0002D8AFC /* BooksUI */ = {
			isa = PBXGroup;
			children = (
				4B50D6A82ACB92F1002D8AFC /* App */,
				4B50D6912ACB8BB2002D8AFC /* Assets.xcassets */,
				4B50D6A72ACB92EC002D8AFC /* Core */,
				4B50D6A62ACB92E4002D8AFC /* Extensions */,
				4B50D6A52ACB92DC002D8AFC /* Model */,
				4B06D2B02ACCD5B5009D1E66 /* Utils */,
				4B50D6932ACB8BB2002D8AFC /* Preview Content */,
			);
			path = BooksUI;
			sourceTree = "<group>";
		};
		4B50D6932ACB8BB2002D8AFC /* Preview Content */ = {
			isa = PBXGroup;
			children = (
				4B50D6942ACB8BB2002D8AFC /* Preview Assets.xcassets */,
			);
			path = "Preview Content";
			sourceTree = "<group>";
		};
		4B50D6A52ACB92DC002D8AFC /* Model */ = {
			isa = PBXGroup;
			children = (
				4B50D6B62ACBAE93002D8AFC /* Audio.swift */,
				4B50D6B42ACBA4DF002D8AFC /* Book.swift */,
			);
			path = Model;
			sourceTree = "<group>";
		};
		4B50D6A62ACB92E4002D8AFC /* Extensions */ = {
			isa = PBXGroup;
			children = (
				4B50D6AF2ACB9DDB002D8AFC /* Color.swift */,
			);
			path = Extensions;
			sourceTree = "<group>";
		};
		4B50D6A72ACB92EC002D8AFC /* Core */ = {
			isa = PBXGroup;
			children = (
				4B50D6B12ACB9F1C002D8AFC /* Components */,
				4B50D6AB2ACB9312002D8AFC /* BookDetail */,
				4B50D6AD2ACB9324002D8AFC /* Player */,
				4B50D6A92ACB92FC002D8AFC /* Root */,
			);
			path = Core;
			sourceTree = "<group>";
		};
		4B50D6A82ACB92F1002D8AFC /* App */ = {
			isa = PBXGroup;
			children = (
				4B50D68D2ACB8BB0002D8AFC /* BooksUIApp.swift */,
			);
			path = App;
			sourceTree = "<group>";
		};
		4B50D6A92ACB92FC002D8AFC /* Root */ = {
			isa = PBXGroup;
			children = (
				4B50D6AA2ACB9307002D8AFC /* View */,
			);
			path = Root;
			sourceTree = "<group>";
		};
		4B50D6AA2ACB9307002D8AFC /* View */ = {
			isa = PBXGroup;
			children = (
				4B50D68F2ACB8BB0002D8AFC /* ContentView.swift */,
			);
			path = View;
			sourceTree = "<group>";
		};
		4B50D6AB2ACB9312002D8AFC /* BookDetail */ = {
			isa = PBXGroup;
			children = (
				4B50D6AC2ACB931F002D8AFC /* View */,
			);
			path = BookDetail;
			sourceTree = "<group>";
		};
		4B50D6AC2ACB931F002D8AFC /* View */ = {
			isa = PBXGroup;
			children = (
				4B8ADA3D2ACDCD5F0049B799 /* Components */,
				4B06D2AE2ACCAF65009D1E66 /* BookDetailView.swift */,
			);
			path = View;
			sourceTree = "<group>";
		};
		4B50D6AD2ACB9324002D8AFC /* Player */ = {
			isa = PBXGroup;
			children = (
				4B50D6AE2ACB932B002D8AFC /* View */,
			);
			path = Player;
			sourceTree = "<group>";
		};
		4B50D6AE2ACB932B002D8AFC /* View */ = {
			isa = PBXGroup;
			children = (
				4B06D2AA2ACC7378009D1E66 /* PlayerView.swift */,
			);
			path = View;
			sourceTree = "<group>";
		};
		4B50D6B12ACB9F1C002D8AFC /* Components */ = {
			isa = PBXGroup;
			children = (
				4B50D6B22ACB9F30002D8AFC /* CustomIconButton.swift */,
				4B06D2A52ACC65FD009D1E66 /* DiscView.swift */,
				4B06D2A32ACC6402009D1E66 /* MicroPlayer.swift */,
				4B06D2A72ACC70E0009D1E66 /* Notch.swift */,
			);
			path = Components;
			sourceTree = "<group>";
		};
		4B8ADA3D2ACDCD5F0049B799 /* Components */ = {
			isa = PBXGroup;
			children = (
				4B8ADA422ACDD4C20049B799 /* AlignmentSelection.swift */,
				4B06D2B52ACCE2DA009D1E66 /* ColorSelection.swift */,
				4B06D2B32ACCDE75009D1E66 /* CustomSlider.swift */,
				4B8ADA402ACDCEE60049B799 /* FontSelection.swift */,
				4B8ADA3E2ACDCD860049B799 /* OptionsSheet.swift */,
			);
			path = Components;
			sourceTree = "<group>";
		};
/* End PBXGroup section */

/* Begin PBXNativeTarget section */
		4B50D6892ACB8BB0002D8AFC /* BooksUI */ = {
			isa = PBXNativeTarget;
			buildConfigurationList = 4B50D6982ACB8BB2002D8AFC /* Build configuration list for PBXNativeTarget "BooksUI" */;
			buildPhases = (
				4B50D6862ACB8BB0002D8AFC /* Sources */,
				4B50D6872ACB8BB0002D8AFC /* Frameworks */,
				4B50D6882ACB8BB0002D8AFC /* Resources */,
			);
			buildRules = (
			);
			dependencies = (
			);
			name = BooksUI;
			productName = BooksUI;
			productReference = 4B50D68A2ACB8BB0002D8AFC /* BooksUI.app */;
			productType = "com.apple.product-type.application";
		};
/* End PBXNativeTarget section */

/* Begin PBXProject section */
		4B50D6822ACB8BB0002D8AFC /* Project object */ = {
			isa = PBXProject;
			attributes = {
				BuildIndependentTargetsInParallel = 1;
				LastSwiftUpdateCheck = 1500;
				LastUpgradeCheck = 1500;
				TargetAttributes = {
					4B50D6892ACB8BB0002D8AFC = {
						CreatedOnToolsVersion = 15.0;
					};
				};
			};
			buildConfigurationList = 4B50D6852ACB8BB0002D8AFC /* Build configuration list for PBXProject "BooksUI" */;
			compatibilityVersion = "Xcode 14.0";
			developmentRegion = en;
			hasScannedForEncodings = 0;
			knownRegions = (
				en,
				Base,
			);
			mainGroup = 4B50D6812ACB8BB0002D8AFC;
			productRefGroup = 4B50D68B2ACB8BB0002D8AFC /* Products */;
			projectDirPath = "";
			projectRoot = "";
			targets = (
				4B50D6892ACB8BB0002D8AFC /* BooksUI */,
			);
		};
/* End PBXProject section */

/* Begin PBXResourcesBuildPhase section */
		4B50D6882ACB8BB0002D8AFC /* Resources */ = {
			isa = PBXResourcesBuildPhase;
			buildActionMask = 2147483647;
			files = (
				4B50D6952ACB8BB2002D8AFC /* Preview Assets.xcassets in Resources */,
				4B50D6922ACB8BB2002D8AFC /* Assets.xcassets in Resources */,
			);
			runOnlyForDeploymentPostprocessing = 0;
		};
/* End PBXResourcesBuildPhase section */

/* Begin PBXSourcesBuildPhase section */
		4B50D6862ACB8BB0002D8AFC /* Sources */ = {
			isa = PBXSourcesBuildPhase;
			buildActionMask = 2147483647;
			files = (
				4B06D2B62ACCE2DA009D1E66 /* ColorSelection.swift in Sources */,
				4B06D2A82ACC70E0009D1E66 /* Notch.swift in Sources */,
				4B06D2A42ACC6402009D1E66 /* MicroPlayer.swift in Sources */,
				4B50D6B72ACBAE93002D8AFC /* Audio.swift in Sources */,
				4B06D2AB2ACC7378009D1E66 /* PlayerView.swift in Sources */,
				4B50D6902ACB8BB0002D8AFC /* ContentView.swift in Sources */,
				4B8ADA432ACDD4C20049B799 /* AlignmentSelection.swift in Sources */,
				4B50D6B32ACB9F30002D8AFC /* CustomIconButton.swift in Sources */,
				4B50D68E2ACB8BB0002D8AFC /* BooksUIApp.swift in Sources */,
				4B50D6B52ACBA4DF002D8AFC /* Book.swift in Sources */,
				4B8ADA3F2ACDCD860049B799 /* OptionsSheet.swift in Sources */,
				4B06D2B22ACCD5C9009D1E66 /* ScrollDetector.swift in Sources */,
				4B8ADA412ACDCEE60049B799 /* FontSelection.swift in Sources */,
				4B06D2AF2ACCAF65009D1E66 /* BookDetailView.swift in Sources */,
				4B06D2B42ACCDE75009D1E66 /* CustomSlider.swift in Sources */,
				4B50D6B02ACB9DDB002D8AFC /* Color.swift in Sources */,
				4B06D2A62ACC65FD009D1E66 /* DiscView.swift in Sources */,
			);
			runOnlyForDeploymentPostprocessing = 0;
		};
/* End PBXSourcesBuildPhase section */

/* Begin XCBuildConfiguration section */
		4B50D6962ACB8BB2002D8AFC /* Debug */ = {
			isa = XCBuildConfiguration;
			buildSettings = {
				ALWAYS_SEARCH_USER_PATHS = NO;
				ASSETCATALOG_COMPILER_GENERATE_SWIFT_ASSET_SYMBOL_EXTENSIONS = YES;
				CLANG_ANALYZER_NONNULL = YES;
				CLANG_ANALYZER_NUMBER_OBJECT_CONVERSION = YES_AGGRESSIVE;
				CLANG_CXX_LANGUAGE_STANDARD = "gnu++20";
				CLANG_ENABLE_MODULES = YES;
				CLANG_ENABLE_OBJC_ARC = YES;
				CLANG_ENABLE_OBJC_WEAK = YES;
				CLANG_WARN_BLOCK_CAPTURE_AUTORELEASING = YES;
				CLANG_WARN_BOOL_CONVERSION = YES;
				CLANG_WARN_COMMA = YES;
				CLANG_WARN_CONSTANT_CONVERSION = YES;
				CLANG_WARN_DEPRECATED_OBJC_IMPLEMENTATIONS = YES;
				CLANG_WARN_DIRECT_OBJC_ISA_USAGE = YES_ERROR;
				CLANG_WARN_DOCUMENTATION_COMMENTS = YES;
				CLANG_WARN_EMPTY_BODY = YES;
				CLANG_WARN_ENUM_CONVERSION = YES;
				CLANG_WARN_INFINITE_RECURSION = YES;
				CLANG_WARN_INT_CONVERSION = YES;
				CLANG_WARN_NON_LITERAL_NULL_CONVERSION = YES;
				CLANG_WARN_OBJC_IMPLICIT_RETAIN_SELF = YES;
				CLANG_WARN_OBJC_LITERAL_CONVERSION = YES;
				CLANG_WARN_OBJC_ROOT_CLASS = YES_ERROR;
				CLANG_WARN_QUOTED_INCLUDE_IN_FRAMEWORK_HEADER = YES;
				CLANG_WARN_RANGE_LOOP_ANALYSIS = YES;
				CLANG_WARN_STRICT_PROTOTYPES = YES;
				CLANG_WARN_SUSPICIOUS_MOVE = YES;
				CLANG_WARN_UNGUARDED_AVAILABILITY = YES_AGGRESSIVE;
				CLANG_WARN_UNREACHABLE_CODE = YES;
				CLANG_WARN__DUPLICATE_METHOD_MATCH = YES;
				COPY_PHASE_STRIP = NO;
				DEBUG_INFORMATION_FORMAT = dwarf;
				ENABLE_STRICT_OBJC_MSGSEND = YES;
				ENABLE_TESTABILITY = YES;
				ENABLE_USER_SCRIPT_SANDBOXING = YES;
				GCC_C_LANGUAGE_STANDARD = gnu17;
				GCC_DYNAMIC_NO_PIC = NO;
				GCC_NO_COMMON_BLOCKS = YES;
				GCC_OPTIMIZATION_LEVEL = 0;
				GCC_PREPROCESSOR_DEFINITIONS = (
					"DEBUG=1",
					"$(inherited)",
				);
				GCC_WARN_64_TO_32_BIT_CONVERSION = YES;
				GCC_WARN_ABOUT_RETURN_TYPE = YES_ERROR;
				GCC_WARN_UNDECLARED_SELECTOR = YES;
				GCC_WARN_UNINITIALIZED_AUTOS = YES_AGGRESSIVE;
				GCC_WARN_UNUSED_FUNCTION = YES;
				GCC_WARN_UNUSED_VARIABLE = YES;
				IPHONEOS_DEPLOYMENT_TARGET = 17.0;
				LOCALIZATION_PREFERS_STRING_CATALOGS = YES;
				MTL_ENABLE_DEBUG_INFO = INCLUDE_SOURCE;
				MTL_FAST_MATH = YES;
				ONLY_ACTIVE_ARCH = YES;
				SDKROOT = iphoneos;
				SWIFT_ACTIVE_COMPILATION_CONDITIONS = "DEBUG $(inherited)";
				SWIFT_OPTIMIZATION_LEVEL = "-Onone";
			};
			name = Debug;
		};
		4B50D6972ACB8BB2002D8AFC /* Release */ = {
			isa = XCBuildConfiguration;
			buildSettings = {
				ALWAYS_SEARCH_USER_PATHS = NO;
				ASSETCATALOG_COMPILER_GENERATE_SWIFT_ASSET_SYMBOL_EXTENSIONS = YES;
				CLANG_ANALYZER_NONNULL = YES;
				CLANG_ANALYZER_NUMBER_OBJECT_CONVERSION = YES_AGGRESSIVE;
				CLANG_CXX_LANGUAGE_STANDARD = "gnu++20";
				CLANG_ENABLE_MODULES = YES;
				CLANG_ENABLE_OBJC_ARC = YES;
				CLANG_ENABLE_OBJC_WEAK = YES;
				CLANG_WARN_BLOCK_CAPTURE_AUTORELEASING = YES;
				CLANG_WARN_BOOL_CONVERSION = YES;
				CLANG_WARN_COMMA = YES;
				CLANG_WARN_CONSTANT_CONVERSION = YES;
				CLANG_WARN_DEPRECATED_OBJC_IMPLEMENTATIONS = YES;
				CLANG_WARN_DIRECT_OBJC_ISA_USAGE = YES_ERROR;
				CLANG_WARN_DOCUMENTATION_COMMENTS = YES;
				CLANG_WARN_EMPTY_BODY = YES;
				CLANG_WARN_ENUM_CONVERSION = YES;
				CLANG_WARN_INFINITE_RECURSION = YES;
				CLANG_WARN_INT_CONVERSION = YES;
				CLANG_WARN_NON_LITERAL_NULL_CONVERSION = YES;
				CLANG_WARN_OBJC_IMPLICIT_RETAIN_SELF = YES;
				CLANG_WARN_OBJC_LITERAL_CONVERSION = YES;
				CLANG_WARN_OBJC_ROOT_CLASS = YES_ERROR;
				CLANG_WARN_QUOTED_INCLUDE_IN_FRAMEWORK_HEADER = YES;
				CLANG_WARN_RANGE_LOOP_ANALYSIS = YES;
				CLANG_WARN_STRICT_PROTOTYPES = YES;
				CLANG_WARN_SUSPICIOUS_MOVE = YES;
				CLANG_WARN_UNGUARDED_AVAILABILITY = YES_AGGRESSIVE;
				CLANG_WARN_UNREACHABLE_CODE = YES;
				CLANG_WARN__DUPLICATE_METHOD_MATCH = YES;
				COPY_PHASE_STRIP = NO;
				DEBUG_INFORMATION_FORMAT = "dwarf-with-dsym";
				ENABLE_NS_ASSERTIONS = NO;
				ENABLE_STRICT_OBJC_MSGSEND = YES;
				ENABLE_USER_SCRIPT_SANDBOXING = YES;
				GCC_C_LANGUAGE_STANDARD = gnu17;
				GCC_NO_COMMON_BLOCKS = YES;
				GCC_WARN_64_TO_32_BIT_CONVERSION = YES;
				GCC_WARN_ABOUT_RETURN_TYPE = YES_ERROR;
				GCC_WARN_UNDECLARED_SELECTOR = YES;
				GCC_WARN_UNINITIALIZED_AUTOS = YES_AGGRESSIVE;
				GCC_WARN_UNUSED_FUNCTION = YES;
				GCC_WARN_UNUSED_VARIABLE = YES;
				IPHONEOS_DEPLOYMENT_TARGET = 17.0;
				LOCALIZATION_PREFERS_STRING_CATALOGS = YES;
				MTL_ENABLE_DEBUG_INFO = NO;
				MTL_FAST_MATH = YES;
				SDKROOT = iphoneos;
				SWIFT_COMPILATION_MODE = wholemodule;
				VALIDATE_PRODUCT = YES;
			};
			name = Release;
		};
		4B50D6992ACB8BB2002D8AFC /* Debug */ = {
			isa = XCBuildConfiguration;
			buildSettings = {
				ASSETCATALOG_COMPILER_APPICON_NAME = AppIcon;
				ASSETCATALOG_COMPILER_GLOBAL_ACCENT_COLOR_NAME = AccentColor;
				CODE_SIGN_STYLE = Automatic;
				CURRENT_PROJECT_VERSION = 1;
				DEVELOPMENT_ASSET_PATHS = "\"BooksUI/Preview Content\"";
				DEVELOPMENT_TEAM = 3RQAYNAD56;
				ENABLE_PREVIEWS = YES;
				GENERATE_INFOPLIST_FILE = YES;
				INFOPLIST_KEY_UIApplicationSceneManifest_Generation = YES;
				INFOPLIST_KEY_UIApplicationSupportsIndirectInputEvents = YES;
				INFOPLIST_KEY_UILaunchScreen_Generation = YES;
				INFOPLIST_KEY_UISupportedInterfaceOrientations_iPad = "UIInterfaceOrientationPortrait UIInterfaceOrientationPortraitUpsideDown UIInterfaceOrientationLandscapeLeft UIInterfaceOrientationLandscapeRight";
				INFOPLIST_KEY_UISupportedInterfaceOrientations_iPhone = "UIInterfaceOrientationPortrait UIInterfaceOrientationLandscapeLeft UIInterfaceOrientationLandscapeRight";
				LD_RUNPATH_SEARCH_PATHS = (
					"$(inherited)",
					"@executable_path/Frameworks",
				);
				MARKETING_VERSION = 1.0;
				PRODUCT_BUNDLE_IDENTIFIER = com.bsc.BooksUI;
				PRODUCT_NAME = "$(TARGET_NAME)";
				SWIFT_EMIT_LOC_STRINGS = YES;
				SWIFT_VERSION = 5.0;
				TARGETED_DEVICE_FAMILY = "1,2";
			};
			name = Debug;
		};
		4B50D69A2ACB8BB2002D8AFC /* Release */ = {
			isa = XCBuildConfiguration;
			buildSettings = {
				ASSETCATALOG_COMPILER_APPICON_NAME = AppIcon;
				ASSETCATALOG_COMPILER_GLOBAL_ACCENT_COLOR_NAME = AccentColor;
				CODE_SIGN_STYLE = Automatic;
				CURRENT_PROJECT_VERSION = 1;
				DEVELOPMENT_ASSET_PATHS = "\"BooksUI/Preview Content\"";
				DEVELOPMENT_TEAM = 3RQAYNAD56;
				ENABLE_PREVIEWS = YES;
				GENERATE_INFOPLIST_FILE = YES;
				INFOPLIST_KEY_UIApplicationSceneManifest_Generation = YES;
				INFOPLIST_KEY_UIApplicationSupportsIndirectInputEvents = YES;
				INFOPLIST_KEY_UILaunchScreen_Generation = YES;
				INFOPLIST_KEY_UISupportedInterfaceOrientations_iPad = "UIInterfaceOrientationPortrait UIInterfaceOrientationPortraitUpsideDown UIInterfaceOrientationLandscapeLeft UIInterfaceOrientationLandscapeRight";
				INFOPLIST_KEY_UISupportedInterfaceOrientations_iPhone = "UIInterfaceOrientationPortrait UIInterfaceOrientationLandscapeLeft UIInterfaceOrientationLandscapeRight";
				LD_RUNPATH_SEARCH_PATHS = (
					"$(inherited)",
					"@executable_path/Frameworks",
				);
				MARKETING_VERSION = 1.0;
				PRODUCT_BUNDLE_IDENTIFIER = com.bsc.BooksUI;
				PRODUCT_NAME = "$(TARGET_NAME)";
				SWIFT_EMIT_LOC_STRINGS = YES;
				SWIFT_VERSION = 5.0;
				TARGETED_DEVICE_FAMILY = "1,2";
			};
			name = Release;
		};
/* End XCBuildConfiguration section */

/* Begin XCConfigurationList section */
		4B50D6852ACB8BB0002D8AFC /* Build configuration list for PBXProject "BooksUI" */ = {
			isa = XCConfigurationList;
			buildConfigurations = (
				4B50D6962ACB8BB2002D8AFC /* Debug */,
				4B50D6972ACB8BB2002D8AFC /* Release */,
			);
			defaultConfigurationIsVisible = 0;
			defaultConfigurationName = Release;
		};
		4B50D6982ACB8BB2002D8AFC /* Build configuration list for PBXNativeTarget "BooksUI" */ = {
			isa = XCConfigurationList;
			buildConfigurations = (
				4B50D6992ACB8BB2002D8AFC /* Debug */,
				4B50D69A2ACB8BB2002D8AFC /* Release */,
			);
			defaultConfigurationIsVisible = 0;
			defaultConfigurationName = Release;
		};
/* End XCConfigurationList section */
	};
	rootObject = 4B50D6822ACB8BB0002D8AFC /* Project object */;
}
